PODS:
  - Kingfisher (5.5.0)
  - ReachabilitySwift (4.3.1)
  - SwiftyJSON (5.0.0)

DEPENDENCIES:
  - Kingfisher
  - ReachabilitySwift
  - SwiftyJSON

SPEC REPOS:
  https://github.com/CocoaPods/Specs.git:
    - Kingfisher
    - ReachabilitySwift
    - SwiftyJSON

SPEC CHECKSUMS:
  Kingfisher: 6fe5e67a90fd335e49b0f5c075ff55ac5ebedd94
  ReachabilitySwift: 4032e2f59586e11e3b0ebe15b167abdd587a388b
  SwiftyJSON: 36413e04c44ee145039d332b4f4e2d3e8d6c4db7

PODFILE CHECKSUM: f1a97c0ca3890d08d7e05450dde3a510075ad9ef

COCOAPODS: 1.5.0
